// !$*UTF8*$!
{
	archiveVersion = 1;
	classes = {
	};
	objectVersion = 56;
	objects = {

/* Begin PBXBuildFile section */
		9F0246C7290C17D7003119F9 /* TextLayoutManager.swift in Sources */ = {isa = PBXBuildFile; fileRef = 9F0246BC290C17D6003119F9 /* TextLayoutManager.swift */; };
		9F0246C8290C17D7003119F9 /* TextPresentationController.swift in Sources */ = {isa = PBXBuildFile; fileRef = 9F0246BD290C17D6003119F9 /* TextPresentationController.swift */; };
		9F0246C9290C17D7003119F9 /* TextSelectionController.swift in Sources */ = {isa = PBXBuildFile; fileRef = 9F0246BE290C17D6003119F9 /* TextSelectionController.swift */; };
		9F0246CA290C17D7003119F9 /* TextBackgroundView.swift in Sources */ = {isa = PBXBuildFile; fileRef = 9F0246BF290C17D7003119F9 /* TextBackgroundView.swift */; };
		9F0246CB290C17D7003119F9 /* TextLabelOutlineView.swift in Sources */ = {isa = PBXBuildFile; fileRef = 9F0246C0290C17D7003119F9 /* TextLabelOutlineView.swift */; };
		9F0246CC290C17D7003119F9 /* TextSelectionView.swift in Sources */ = {isa = PBXBuildFile; fileRef = 9F0246C1290C17D7003119F9 /* TextSelectionView.swift */; };
		9F0246CD290C17D7003119F9 /* TextGestureController.swift in Sources */ = {isa = PBXBuildFile; fileRef = 9F0246C2290C17D7003119F9 /* TextGestureController.swift */; };
		9F0246CE290C17D7003119F9 /* TextLineAligmentView.swift in Sources */ = {isa = PBXBuildFile; fileRef = 9F0246C3290C17D7003119F9 /* TextLineAligmentView.swift */; };
		9F0246CF290C17D7003119F9 /* TextLabelView.swift in Sources */ = {isa = PBXBuildFile; fileRef = 9F0246C4290C17D7003119F9 /* TextLabelView.swift */; };
		9F0246D0290C17D7003119F9 /* KeyboardHandler.swift in Sources */ = {isa = PBXBuildFile; fileRef = 9F0246C5290C17D7003119F9 /* KeyboardHandler.swift */; };
		9F0246D1290C17D7003119F9 /* CustomTextView.swift in Sources */ = {isa = PBXBuildFile; fileRef = 9F0246C6290C17D7003119F9 /* CustomTextView.swift */; };
		9F0246D4290C1FE1003119F9 /* TopControlsView.swift in Sources */ = {isa = PBXBuildFile; fileRef = 9F0246D3290C1FE1003119F9 /* TopControlsView.swift */; };
		9F0246D6290C2C03003119F9 /* RootTextView.swift in Sources */ = {isa = PBXBuildFile; fileRef = 9F0246D5290C2C03003119F9 /* RootTextView.swift */; };
		9F0246D9290C3539003119F9 /* NotificationSystem.swift in Sources */ = {isa = PBXBuildFile; fileRef = 9F0246D8290C3539003119F9 /* NotificationSystem.swift */; };
		9F0246DC290C7543003119F9 /* TextKeybaordControllsView.swift in Sources */ = {isa = PBXBuildFile; fileRef = 9F0246DB290C7543003119F9 /* TextKeybaordControllsView.swift */; };
		9F0246DF290C7619003119F9 /* TextAligmentButton.swift in Sources */ = {isa = PBXBuildFile; fileRef = 9F0246DE290C7619003119F9 /* TextAligmentButton.swift */; };
		9F0246E1290C7631003119F9 /* TextStyleButton.swift in Sources */ = {isa = PBXBuildFile; fileRef = 9F0246E0290C7631003119F9 /* TextStyleButton.swift */; };
		9F0E953528F4A01900177E7C /* AutolayoutEngine.swift in Sources */ = {isa = PBXBuildFile; fileRef = 9F0E953428F4A01900177E7C /* AutolayoutEngine.swift */; };
		9F0E953B28F4B03800177E7C /* EditToolbarView.swift in Sources */ = {isa = PBXBuildFile; fileRef = 9F0E953A28F4B03800177E7C /* EditToolbarView.swift */; };
		9F0E953D28F4B20C00177E7C /* EditToolbarSegmentView.swift in Sources */ = {isa = PBXBuildFile; fileRef = 9F0E953C28F4B20C00177E7C /* EditToolbarSegmentView.swift */; };
		9F0E954028F4B3BC00177E7C /* UIKitHelpers.swift in Sources */ = {isa = PBXBuildFile; fileRef = 9F0E953F28F4B3BC00177E7C /* UIKitHelpers.swift */; };
		9F0E954228F4B53000177E7C /* Fonts.swift in Sources */ = {isa = PBXBuildFile; fileRef = 9F0E954128F4B53000177E7C /* Fonts.swift */; };
		9F0E954628F4B76100177E7C /* SF-Pro-Text-Semibold.otf in Resources */ = {isa = PBXBuildFile; fileRef = 9F0E954428F4B74800177E7C /* SF-Pro-Text-Semibold.otf */; };
		9F0E954728F4B76100177E7C /* SF-Pro-Text-Medium.otf in Resources */ = {isa = PBXBuildFile; fileRef = 9F0E954528F4B75F00177E7C /* SF-Pro-Text-Medium.otf */; };
		9F0E954928F4B77E00177E7C /* SF-Pro-Display-Semibold.otf in Resources */ = {isa = PBXBuildFile; fileRef = 9F0E954828F4B77D00177E7C /* SF-Pro-Display-Semibold.otf */; };
		9F0E954B28F4B88D00177E7C /* SF-Pro-Text-Regular.otf in Resources */ = {isa = PBXBuildFile; fileRef = 9F0E954A28F4B7A000177E7C /* SF-Pro-Text-Regular.otf */; };
		9F0E954D28F4C9D300177E7C /* UIButton.swift in Sources */ = {isa = PBXBuildFile; fileRef = 9F0E954C28F4C9D300177E7C /* UIButton.swift */; };
		9F569C4928F7A3F800A220AA /* send_to_blur.json in Resources */ = {isa = PBXBuildFile; fileRef = 9F569C4828F7A3F800A220AA /* send_to_blur.json */; };
		9F569C4B28F7A40A00A220AA /* send_to_blur_1.png in Resources */ = {isa = PBXBuildFile; fileRef = 9F569C4A28F7A40A00A220AA /* send_to_blur_1.png */; };
		9F569C4D28F7A7CE00A220AA /* send_to_blur_reverse.json in Resources */ = {isa = PBXBuildFile; fileRef = 9F569C4C28F7A7CE00A220AA /* send_to_blur_reverse.json */; };
		9F569C4F28F7AA9300A220AA /* send_to_arrow_reverse.json in Resources */ = {isa = PBXBuildFile; fileRef = 9F569C4E28F7AA9300A220AA /* send_to_arrow_reverse.json */; };
		9F569C5128F83A5E00A220AA /* send_to_circle.json in Resources */ = {isa = PBXBuildFile; fileRef = 9F569C5028F83A5D00A220AA /* send_to_circle.json */; };
		9F569C5328F83A9500A220AA /* SelectToolDetailsStyle.swift in Sources */ = {isa = PBXBuildFile; fileRef = 9F569C5228F83A9500A220AA /* SelectToolDetailsStyle.swift */; };
		9F569C5728F851BE00A220AA /* send_to_circle_reverse.json in Resources */ = {isa = PBXBuildFile; fileRef = 9F569C5628F851BE00A220AA /* send_to_circle_reverse.json */; };
		9F6533AA28F5EBCE00E00574 /* View.swift in Sources */ = {isa = PBXBuildFile; fileRef = 9F6533A928F5EBCE00E00574 /* View.swift */; };
		9F6533AC28F63C0700E00574 /* SizeSegmentView.swift in Sources */ = {isa = PBXBuildFile; fileRef = 9F6533AB28F63C0700E00574 /* SizeSegmentView.swift */; };
		9F6533AF28F7126400E00574 /* SizeSegmentShapes.swift in Sources */ = {isa = PBXBuildFile; fileRef = 9F6533AE28F7126400E00574 /* SizeSegmentShapes.swift */; };
		9F6533B928F7673000E00574 /* SaveButtonAnimator.swift in Sources */ = {isa = PBXBuildFile; fileRef = 9F6533B828F7673000E00574 /* SaveButtonAnimator.swift */; };
		9F6533BC28F7675200E00574 /* SelectToolDetailsButton.swift in Sources */ = {isa = PBXBuildFile; fileRef = 9F6533BB28F7675200E00574 /* SelectToolDetailsButton.swift */; };
		9F6533BF28F77E7E00E00574 /* Lottie in Frameworks */ = {isa = PBXBuildFile; productRef = 9F6533BE28F77E7E00E00574 /* Lottie */; };
		9F6533C228F77E8F00E00574 /* send_to_arrow.json in Resources */ = {isa = PBXBuildFile; fileRef = 9F6533C128F77E8F00E00574 /* send_to_arrow.json */; };
		9F6533C528F7816100E00574 /* send_to_arrow_2.png in Resources */ = {isa = PBXBuildFile; fileRef = 9F6533C328F7816000E00574 /* send_to_arrow_2.png */; };
		9F6533C628F7816100E00574 /* send_to_arrow_1.png in Resources */ = {isa = PBXBuildFile; fileRef = 9F6533C428F7816100E00574 /* send_to_arrow_1.png */; };
		9F6533C828F78B8500E00574 /* CALayerExtensions.swift in Sources */ = {isa = PBXBuildFile; fileRef = 9F6533C728F78B8500E00574 /* CALayerExtensions.swift */; };
		9F74F32D2909A79600092CFB /* MetalLineDrawer.swift in Sources */ = {isa = PBXBuildFile; fileRef = 9F74F32C2909A79600092CFB /* MetalLineDrawer.swift */; };
		9F74F32F2909A79F00092CFB /* CGExtensions.swift in Sources */ = {isa = PBXBuildFile; fileRef = 9F74F32E2909A79F00092CFB /* CGExtensions.swift */; };
		9F74F3312909A7BB00092CFB /* Shaders.metal in Sources */ = {isa = PBXBuildFile; fileRef = 9F74F3302909A7BB00092CFB /* Shaders.metal */; };
		9F74F3332909A7C100092CFB /* Renderer.swift in Sources */ = {isa = PBXBuildFile; fileRef = 9F74F3322909A7C100092CFB /* Renderer.swift */; };
		9F74F3352909A7D900092CFB /* RenderDataController.swift in Sources */ = {isa = PBXBuildFile; fileRef = 9F74F3342909A7D900092CFB /* RenderDataController.swift */; };
		9F74F3372909A89A00092CFB /* LinesView.swift in Sources */ = {isa = PBXBuildFile; fileRef = 9F74F3362909A89A00092CFB /* LinesView.swift */; };
		9F74F33A2909C9DD00092CFB /* ZoomView.swift in Sources */ = {isa = PBXBuildFile; fileRef = 9F74F3392909C9DD00092CFB /* ZoomView.swift */; };
		9F74F33C2909D39500092CFB /* MetalDrawingView.swift in Sources */ = {isa = PBXBuildFile; fileRef = 9F74F33B2909D39500092CFB /* MetalDrawingView.swift */; };
		9F9AE07928F4E45A004717E5 /* CancelBackButton.swift in Sources */ = {isa = PBXBuildFile; fileRef = 9F9AE07828F4E45A004717E5 /* CancelBackButton.swift */; };
		9F9AE07B28F4E460004717E5 /* SendButton.swift in Sources */ = {isa = PBXBuildFile; fileRef = 9F9AE07A28F4E460004717E5 /* SendButton.swift */; };
		9F9AE07D28F4E93A004717E5 /* SelectColorButton.swift in Sources */ = {isa = PBXBuildFile; fileRef = 9F9AE07C28F4E93A004717E5 /* SelectColorButton.swift */; };
		9F9AE08028F4EBF4004717E5 /* AddObjectButton.swift in Sources */ = {isa = PBXBuildFile; fileRef = 9F9AE07F28F4EBF4004717E5 /* AddObjectButton.swift */; };
		9F9AE08328F4F0A8004717E5 /* ToolsView.swift in Sources */ = {isa = PBXBuildFile; fileRef = 9F9AE08228F4F0A8004717E5 /* ToolsView.swift */; };
		9F9AE08528F4F220004717E5 /* ToolView.swift in Sources */ = {isa = PBXBuildFile; fileRef = 9F9AE08428F4F220004717E5 /* ToolView.swift */; };
		9F9AE08728F5BEC3004717E5 /* ToolEraserView.swift in Sources */ = {isa = PBXBuildFile; fileRef = 9F9AE08628F5BEC3004717E5 /* ToolEraserView.swift */; };
		9F9AE08928F5BECE004717E5 /* ToolLassoView.swift in Sources */ = {isa = PBXBuildFile; fileRef = 9F9AE08828F5BECE004717E5 /* ToolLassoView.swift */; };
		9F9AE08C28F5CDC2004717E5 /* CAAnimationUtils.swift in Sources */ = {isa = PBXBuildFile; fileRef = 9F9AE08B28F5CDC2004717E5 /* CAAnimationUtils.swift */; };
		9F9AE09028F5CF99004717E5 /* UIKitUtils.m in Sources */ = {isa = PBXBuildFile; fileRef = 9F9AE08F28F5CF99004717E5 /* UIKitUtils.m */; };
		9FA0090A28F85A6600688479 /* send_to_mark.json in Resources */ = {isa = PBXBuildFile; fileRef = 9FA0090928F85A6500688479 /* send_to_mark.json */; };
		9FA0090E28F8612C00688479 /* send_to_mark_reverse.json in Resources */ = {isa = PBXBuildFile; fileRef = 9FA0090D28F8612C00688479 /* send_to_mark_reverse.json */; };
		9FA0091028F864EC00688479 /* backToCancel.json in Resources */ = {isa = PBXBuildFile; fileRef = 9FA0090F28F864EC00688479 /* backToCancel.json */; };
		9FA0091328F86CCA00688479 /* ContextMenuView.swift in Sources */ = {isa = PBXBuildFile; fileRef = 9FA0091228F86CCA00688479 /* ContextMenuView.swift */; };
		9FA0091528F8713300688479 /* UILabelExtensions.swift in Sources */ = {isa = PBXBuildFile; fileRef = 9FA0091428F8713300688479 /* UILabelExtensions.swift */; };
		9FA0091728F8824F00688479 /* ContextMenuController.swift in Sources */ = {isa = PBXBuildFile; fileRef = 9FA0091628F8824F00688479 /* ContextMenuController.swift */; };
		9FA0091A28F8B2C400688479 /* Shape.swift in Sources */ = {isa = PBXBuildFile; fileRef = 9FA0091928F8B2C400688479 /* Shape.swift */; };
		9FA0091F28F8BBE400688479 /* ToolbarSettings.swift in Sources */ = {isa = PBXBuildFile; fileRef = 9FA0091E28F8BBE400688479 /* ToolbarSettings.swift */; };
		9FA0092228F8D93300688479 /* DrawController.swift in Sources */ = {isa = PBXBuildFile; fileRef = 9FA0092128F8D93300688479 /* DrawController.swift */; };
		9FCF57DA28F46A0900A9DD38 /* AppDelegate.swift in Sources */ = {isa = PBXBuildFile; fileRef = 9FCF57D928F46A0900A9DD38 /* AppDelegate.swift */; };
		9FCF57DC28F46A0900A9DD38 /* SceneDelegate.swift in Sources */ = {isa = PBXBuildFile; fileRef = 9FCF57DB28F46A0900A9DD38 /* SceneDelegate.swift */; };
		9FCF57DE28F46A0900A9DD38 /* ViewController.swift in Sources */ = {isa = PBXBuildFile; fileRef = 9FCF57DD28F46A0900A9DD38 /* ViewController.swift */; };
		9FCF57E128F46A0900A9DD38 /* Main.storyboard in Resources */ = {isa = PBXBuildFile; fileRef = 9FCF57DF28F46A0900A9DD38 /* Main.storyboard */; };
		9FCF57E328F46A0A00A9DD38 /* Assets.xcassets in Resources */ = {isa = PBXBuildFile; fileRef = 9FCF57E228F46A0A00A9DD38 /* Assets.xcassets */; };
		9FCF57E628F46A0A00A9DD38 /* LaunchScreen.storyboard in Resources */ = {isa = PBXBuildFile; fileRef = 9FCF57E428F46A0A00A9DD38 /* LaunchScreen.storyboard */; };
		9FCF57EE28F46CF400A9DD38 /* EditImageViewController.swift in Sources */ = {isa = PBXBuildFile; fileRef = 9FCF57ED28F46CF400A9DD38 /* EditImageViewController.swift */; };
		9FCF57F028F46D3300A9DD38 /* ImageContainer.swift in Sources */ = {isa = PBXBuildFile; fileRef = 9FCF57EF28F46D3300A9DD38 /* ImageContainer.swift */; };
/* End PBXBuildFile section */

/* Begin PBXFileReference section */
		9F0246BC290C17D6003119F9 /* TextLayoutManager.swift */ = {isa = PBXFileReference; fileEncoding = 4; lastKnownFileType = sourcecode.swift; path = TextLayoutManager.swift; sourceTree = "<group>"; };
		9F0246BD290C17D6003119F9 /* TextPresentationController.swift */ = {isa = PBXFileReference; fileEncoding = 4; lastKnownFileType = sourcecode.swift; path = TextPresentationController.swift; sourceTree = "<group>"; };
		9F0246BE290C17D6003119F9 /* TextSelectionController.swift */ = {isa = PBXFileReference; fileEncoding = 4; lastKnownFileType = sourcecode.swift; path = TextSelectionController.swift; sourceTree = "<group>"; };
		9F0246BF290C17D7003119F9 /* TextBackgroundView.swift */ = {isa = PBXFileReference; fileEncoding = 4; lastKnownFileType = sourcecode.swift; path = TextBackgroundView.swift; sourceTree = "<group>"; };
		9F0246C0290C17D7003119F9 /* TextLabelOutlineView.swift */ = {isa = PBXFileReference; fileEncoding = 4; lastKnownFileType = sourcecode.swift; path = TextLabelOutlineView.swift; sourceTree = "<group>"; };
		9F0246C1290C17D7003119F9 /* TextSelectionView.swift */ = {isa = PBXFileReference; fileEncoding = 4; lastKnownFileType = sourcecode.swift; path = TextSelectionView.swift; sourceTree = "<group>"; };
		9F0246C2290C17D7003119F9 /* TextGestureController.swift */ = {isa = PBXFileReference; fileEncoding = 4; lastKnownFileType = sourcecode.swift; path = TextGestureController.swift; sourceTree = "<group>"; };
		9F0246C3290C17D7003119F9 /* TextLineAligmentView.swift */ = {isa = PBXFileReference; fileEncoding = 4; lastKnownFileType = sourcecode.swift; path = TextLineAligmentView.swift; sourceTree = "<group>"; };
		9F0246C4290C17D7003119F9 /* TextLabelView.swift */ = {isa = PBXFileReference; fileEncoding = 4; lastKnownFileType = sourcecode.swift; path = TextLabelView.swift; sourceTree = "<group>"; };
		9F0246C5290C17D7003119F9 /* KeyboardHandler.swift */ = {isa = PBXFileReference; fileEncoding = 4; lastKnownFileType = sourcecode.swift; path = KeyboardHandler.swift; sourceTree = "<group>"; };
		9F0246C6290C17D7003119F9 /* CustomTextView.swift */ = {isa = PBXFileReference; fileEncoding = 4; lastKnownFileType = sourcecode.swift; path = CustomTextView.swift; sourceTree = "<group>"; };
		9F0246D3290C1FE1003119F9 /* TopControlsView.swift */ = {isa = PBXFileReference; lastKnownFileType = sourcecode.swift; path = TopControlsView.swift; sourceTree = "<group>"; };
		9F0246D5290C2C03003119F9 /* RootTextView.swift */ = {isa = PBXFileReference; lastKnownFileType = sourcecode.swift; path = RootTextView.swift; sourceTree = "<group>"; };
		9F0246D8290C3539003119F9 /* NotificationSystem.swift */ = {isa = PBXFileReference; lastKnownFileType = sourcecode.swift; path = NotificationSystem.swift; sourceTree = "<group>"; };
		9F0246DB290C7543003119F9 /* TextKeybaordControllsView.swift */ = {isa = PBXFileReference; lastKnownFileType = sourcecode.swift; path = TextKeybaordControllsView.swift; sourceTree = "<group>"; };
		9F0246DE290C7619003119F9 /* TextAligmentButton.swift */ = {isa = PBXFileReference; lastKnownFileType = sourcecode.swift; path = TextAligmentButton.swift; sourceTree = "<group>"; };
		9F0246E0290C7631003119F9 /* TextStyleButton.swift */ = {isa = PBXFileReference; lastKnownFileType = sourcecode.swift; path = TextStyleButton.swift; sourceTree = "<group>"; };
		9F0E953428F4A01900177E7C /* AutolayoutEngine.swift */ = {isa = PBXFileReference; lastKnownFileType = sourcecode.swift; path = AutolayoutEngine.swift; sourceTree = "<group>"; };
		9F0E953A28F4B03800177E7C /* EditToolbarView.swift */ = {isa = PBXFileReference; lastKnownFileType = sourcecode.swift; path = EditToolbarView.swift; sourceTree = "<group>"; };
		9F0E953C28F4B20C00177E7C /* EditToolbarSegmentView.swift */ = {isa = PBXFileReference; lastKnownFileType = sourcecode.swift; path = EditToolbarSegmentView.swift; sourceTree = "<group>"; };
		9F0E953F28F4B3BC00177E7C /* UIKitHelpers.swift */ = {isa = PBXFileReference; lastKnownFileType = sourcecode.swift; path = UIKitHelpers.swift; sourceTree = "<group>"; };
		9F0E954128F4B53000177E7C /* Fonts.swift */ = {isa = PBXFileReference; lastKnownFileType = sourcecode.swift; path = Fonts.swift; sourceTree = "<group>"; };
		9F0E954428F4B74800177E7C /* SF-Pro-Text-Semibold.otf */ = {isa = PBXFileReference; lastKnownFileType = file; path = "SF-Pro-Text-Semibold.otf"; sourceTree = "<group>"; };
		9F0E954528F4B75F00177E7C /* SF-Pro-Text-Medium.otf */ = {isa = PBXFileReference; lastKnownFileType = file; path = "SF-Pro-Text-Medium.otf"; sourceTree = "<group>"; };
		9F0E954828F4B77D00177E7C /* SF-Pro-Display-Semibold.otf */ = {isa = PBXFileReference; lastKnownFileType = file; path = "SF-Pro-Display-Semibold.otf"; sourceTree = "<group>"; };
		9F0E954A28F4B7A000177E7C /* SF-Pro-Text-Regular.otf */ = {isa = PBXFileReference; lastKnownFileType = file; path = "SF-Pro-Text-Regular.otf"; sourceTree = "<group>"; };
		9F0E954C28F4C9D300177E7C /* UIButton.swift */ = {isa = PBXFileReference; lastKnownFileType = sourcecode.swift; path = UIButton.swift; sourceTree = "<group>"; };
		9F569C4828F7A3F800A220AA /* send_to_blur.json */ = {isa = PBXFileReference; fileEncoding = 4; lastKnownFileType = text.json; path = send_to_blur.json; sourceTree = "<group>"; };
		9F569C4A28F7A40A00A220AA /* send_to_blur_1.png */ = {isa = PBXFileReference; lastKnownFileType = image.png; path = send_to_blur_1.png; sourceTree = "<group>"; };
		9F569C4C28F7A7CE00A220AA /* send_to_blur_reverse.json */ = {isa = PBXFileReference; fileEncoding = 4; lastKnownFileType = text.json; path = send_to_blur_reverse.json; sourceTree = "<group>"; };
		9F569C4E28F7AA9300A220AA /* send_to_arrow_reverse.json */ = {isa = PBXFileReference; fileEncoding = 4; lastKnownFileType = text.json; path = send_to_arrow_reverse.json; sourceTree = "<group>"; };
		9F569C5028F83A5D00A220AA /* send_to_circle.json */ = {isa = PBXFileReference; fileEncoding = 4; lastKnownFileType = text.json; path = send_to_circle.json; sourceTree = "<group>"; };
		9F569C5228F83A9500A220AA /* SelectToolDetailsStyle.swift */ = {isa = PBXFileReference; lastKnownFileType = sourcecode.swift; path = SelectToolDetailsStyle.swift; sourceTree = "<group>"; };
		9F569C5628F851BE00A220AA /* send_to_circle_reverse.json */ = {isa = PBXFileReference; fileEncoding = 4; lastKnownFileType = text.json; path = send_to_circle_reverse.json; sourceTree = "<group>"; };
		9F6533A928F5EBCE00E00574 /* View.swift */ = {isa = PBXFileReference; lastKnownFileType = sourcecode.swift; path = View.swift; sourceTree = "<group>"; };
		9F6533AB28F63C0700E00574 /* SizeSegmentView.swift */ = {isa = PBXFileReference; lastKnownFileType = sourcecode.swift; path = SizeSegmentView.swift; sourceTree = "<group>"; };
		9F6533AE28F7126400E00574 /* SizeSegmentShapes.swift */ = {isa = PBXFileReference; lastKnownFileType = sourcecode.swift; path = SizeSegmentShapes.swift; sourceTree = "<group>"; };
		9F6533B828F7673000E00574 /* SaveButtonAnimator.swift */ = {isa = PBXFileReference; lastKnownFileType = sourcecode.swift; path = SaveButtonAnimator.swift; sourceTree = "<group>"; };
		9F6533BB28F7675200E00574 /* SelectToolDetailsButton.swift */ = {isa = PBXFileReference; lastKnownFileType = sourcecode.swift; path = SelectToolDetailsButton.swift; sourceTree = "<group>"; };
		9F6533C128F77E8F00E00574 /* send_to_arrow.json */ = {isa = PBXFileReference; fileEncoding = 4; lastKnownFileType = text.json; path = send_to_arrow.json; sourceTree = "<group>"; };
		9F6533C328F7816000E00574 /* send_to_arrow_2.png */ = {isa = PBXFileReference; lastKnownFileType = image.png; path = send_to_arrow_2.png; sourceTree = "<group>"; };
		9F6533C428F7816100E00574 /* send_to_arrow_1.png */ = {isa = PBXFileReference; lastKnownFileType = image.png; path = send_to_arrow_1.png; sourceTree = "<group>"; };
		9F6533C728F78B8500E00574 /* CALayerExtensions.swift */ = {isa = PBXFileReference; lastKnownFileType = sourcecode.swift; path = CALayerExtensions.swift; sourceTree = "<group>"; };
		9F74F32C2909A79600092CFB /* MetalLineDrawer.swift */ = {isa = PBXFileReference; fileEncoding = 4; lastKnownFileType = sourcecode.swift; path = MetalLineDrawer.swift; sourceTree = "<group>"; };
		9F74F32E2909A79F00092CFB /* CGExtensions.swift */ = {isa = PBXFileReference; fileEncoding = 4; lastKnownFileType = sourcecode.swift; path = CGExtensions.swift; sourceTree = "<group>"; };
		9F74F3302909A7BB00092CFB /* Shaders.metal */ = {isa = PBXFileReference; fileEncoding = 4; lastKnownFileType = sourcecode.metal; path = Shaders.metal; sourceTree = "<group>"; };
		9F74F3322909A7C100092CFB /* Renderer.swift */ = {isa = PBXFileReference; fileEncoding = 4; lastKnownFileType = sourcecode.swift; path = Renderer.swift; sourceTree = "<group>"; };
		9F74F3342909A7D900092CFB /* RenderDataController.swift */ = {isa = PBXFileReference; fileEncoding = 4; lastKnownFileType = sourcecode.swift; path = RenderDataController.swift; sourceTree = "<group>"; };
		9F74F3362909A89A00092CFB /* LinesView.swift */ = {isa = PBXFileReference; fileEncoding = 4; lastKnownFileType = sourcecode.swift; path = LinesView.swift; sourceTree = "<group>"; };
		9F74F3392909C9DD00092CFB /* ZoomView.swift */ = {isa = PBXFileReference; lastKnownFileType = sourcecode.swift; path = ZoomView.swift; sourceTree = "<group>"; };
		9F74F33B2909D39500092CFB /* MetalDrawingView.swift */ = {isa = PBXFileReference; lastKnownFileType = sourcecode.swift; path = MetalDrawingView.swift; sourceTree = "<group>"; };
		9F9AE07828F4E45A004717E5 /* CancelBackButton.swift */ = {isa = PBXFileReference; lastKnownFileType = sourcecode.swift; path = CancelBackButton.swift; sourceTree = "<group>"; };
		9F9AE07A28F4E460004717E5 /* SendButton.swift */ = {isa = PBXFileReference; lastKnownFileType = sourcecode.swift; path = SendButton.swift; sourceTree = "<group>"; };
		9F9AE07C28F4E93A004717E5 /* SelectColorButton.swift */ = {isa = PBXFileReference; lastKnownFileType = sourcecode.swift; path = SelectColorButton.swift; sourceTree = "<group>"; };
		9F9AE07F28F4EBF4004717E5 /* AddObjectButton.swift */ = {isa = PBXFileReference; lastKnownFileType = sourcecode.swift; path = AddObjectButton.swift; sourceTree = "<group>"; };
		9F9AE08228F4F0A8004717E5 /* ToolsView.swift */ = {isa = PBXFileReference; lastKnownFileType = sourcecode.swift; path = ToolsView.swift; sourceTree = "<group>"; };
		9F9AE08428F4F220004717E5 /* ToolView.swift */ = {isa = PBXFileReference; lastKnownFileType = sourcecode.swift; path = ToolView.swift; sourceTree = "<group>"; };
		9F9AE08628F5BEC3004717E5 /* ToolEraserView.swift */ = {isa = PBXFileReference; lastKnownFileType = sourcecode.swift; path = ToolEraserView.swift; sourceTree = "<group>"; };
		9F9AE08828F5BECE004717E5 /* ToolLassoView.swift */ = {isa = PBXFileReference; lastKnownFileType = sourcecode.swift; path = ToolLassoView.swift; sourceTree = "<group>"; };
		9F9AE08B28F5CDC2004717E5 /* CAAnimationUtils.swift */ = {isa = PBXFileReference; lastKnownFileType = sourcecode.swift; path = CAAnimationUtils.swift; sourceTree = "<group>"; };
		9F9AE08D28F5CF6B004717E5 /* UIKitUtils.h */ = {isa = PBXFileReference; lastKnownFileType = sourcecode.c.h; path = UIKitUtils.h; sourceTree = "<group>"; };
		9F9AE08E28F5CF98004717E5 /* Telegram-Contest-2022-R1-Bridging-Header.h */ = {isa = PBXFileReference; lastKnownFileType = sourcecode.c.h; path = "Telegram-Contest-2022-R1-Bridging-Header.h"; sourceTree = "<group>"; };
		9F9AE08F28F5CF99004717E5 /* UIKitUtils.m */ = {isa = PBXFileReference; lastKnownFileType = sourcecode.c.objc; path = UIKitUtils.m; sourceTree = "<group>"; };
		9FA0090928F85A6500688479 /* send_to_mark.json */ = {isa = PBXFileReference; fileEncoding = 4; lastKnownFileType = text.json; path = send_to_mark.json; sourceTree = "<group>"; };
		9FA0090D28F8612C00688479 /* send_to_mark_reverse.json */ = {isa = PBXFileReference; fileEncoding = 4; lastKnownFileType = text.json; path = send_to_mark_reverse.json; sourceTree = "<group>"; };
		9FA0090F28F864EC00688479 /* backToCancel.json */ = {isa = PBXFileReference; fileEncoding = 4; lastKnownFileType = text.json; path = backToCancel.json; sourceTree = "<group>"; };
		9FA0091228F86CCA00688479 /* ContextMenuView.swift */ = {isa = PBXFileReference; lastKnownFileType = sourcecode.swift; path = ContextMenuView.swift; sourceTree = "<group>"; };
		9FA0091428F8713300688479 /* UILabelExtensions.swift */ = {isa = PBXFileReference; lastKnownFileType = sourcecode.swift; path = UILabelExtensions.swift; sourceTree = "<group>"; };
		9FA0091628F8824F00688479 /* ContextMenuController.swift */ = {isa = PBXFileReference; lastKnownFileType = sourcecode.swift; path = ContextMenuController.swift; sourceTree = "<group>"; };
		9FA0091928F8B2C400688479 /* Shape.swift */ = {isa = PBXFileReference; lastKnownFileType = sourcecode.swift; path = Shape.swift; sourceTree = "<group>"; };
		9FA0091E28F8BBE400688479 /* ToolbarSettings.swift */ = {isa = PBXFileReference; lastKnownFileType = sourcecode.swift; path = ToolbarSettings.swift; sourceTree = "<group>"; };
		9FA0092128F8D93300688479 /* DrawController.swift */ = {isa = PBXFileReference; lastKnownFileType = sourcecode.swift; path = DrawController.swift; sourceTree = "<group>"; };
		9FCF57D628F46A0900A9DD38 /* Telegram-Contest-2022-R1.app */ = {isa = PBXFileReference; explicitFileType = wrapper.application; includeInIndex = 0; path = "Telegram-Contest-2022-R1.app"; sourceTree = BUILT_PRODUCTS_DIR; };
		9FCF57D928F46A0900A9DD38 /* AppDelegate.swift */ = {isa = PBXFileReference; lastKnownFileType = sourcecode.swift; path = AppDelegate.swift; sourceTree = "<group>"; };
		9FCF57DB28F46A0900A9DD38 /* SceneDelegate.swift */ = {isa = PBXFileReference; lastKnownFileType = sourcecode.swift; path = SceneDelegate.swift; sourceTree = "<group>"; };
		9FCF57DD28F46A0900A9DD38 /* ViewController.swift */ = {isa = PBXFileReference; lastKnownFileType = sourcecode.swift; path = ViewController.swift; sourceTree = "<group>"; };
		9FCF57E028F46A0900A9DD38 /* Base */ = {isa = PBXFileReference; lastKnownFileType = file.storyboard; name = Base; path = Base.lproj/Main.storyboard; sourceTree = "<group>"; };
		9FCF57E228F46A0A00A9DD38 /* Assets.xcassets */ = {isa = PBXFileReference; lastKnownFileType = folder.assetcatalog; path = Assets.xcassets; sourceTree = "<group>"; };
		9FCF57E528F46A0A00A9DD38 /* Base */ = {isa = PBXFileReference; lastKnownFileType = file.storyboard; name = Base; path = Base.lproj/LaunchScreen.storyboard; sourceTree = "<group>"; };
		9FCF57E728F46A0A00A9DD38 /* Info.plist */ = {isa = PBXFileReference; lastKnownFileType = text.plist.xml; path = Info.plist; sourceTree = "<group>"; };
		9FCF57ED28F46CF400A9DD38 /* EditImageViewController.swift */ = {isa = PBXFileReference; lastKnownFileType = sourcecode.swift; path = EditImageViewController.swift; sourceTree = "<group>"; };
		9FCF57EF28F46D3300A9DD38 /* ImageContainer.swift */ = {isa = PBXFileReference; lastKnownFileType = sourcecode.swift; path = ImageContainer.swift; sourceTree = "<group>"; };
/* End PBXFileReference section */

/* Begin PBXFrameworksBuildPhase section */
		9FCF57D328F46A0900A9DD38 /* Frameworks */ = {
			isa = PBXFrameworksBuildPhase;
			buildActionMask = 2147483647;
			files = (
				9F6533BF28F77E7E00E00574 /* Lottie in Frameworks */,
			);
			runOnlyForDeploymentPostprocessing = 0;
		};
/* End PBXFrameworksBuildPhase section */

/* Begin PBXGroup section */
		9F0246BB290C1721003119F9 /* Text */ = {
			isa = PBXGroup;
			children = (
				9F0246D5290C2C03003119F9 /* RootTextView.swift */,
				9F0246C6290C17D7003119F9 /* CustomTextView.swift */,
				9F0246BF290C17D7003119F9 /* TextBackgroundView.swift */,
				9F0246C2290C17D7003119F9 /* TextGestureController.swift */,
				9F0246C0290C17D7003119F9 /* TextLabelOutlineView.swift */,
				9F0246C4290C17D7003119F9 /* TextLabelView.swift */,
				9F0246BC290C17D6003119F9 /* TextLayoutManager.swift */,
				9F0246C3290C17D7003119F9 /* TextLineAligmentView.swift */,
				9F0246BD290C17D6003119F9 /* TextPresentationController.swift */,
				9F0246BE290C17D6003119F9 /* TextSelectionController.swift */,
				9F0246C5290C17D7003119F9 /* KeyboardHandler.swift */,
				9F0246C1290C17D7003119F9 /* TextSelectionView.swift */,
			);
			path = Text;
			sourceTree = "<group>";
		};
		9F0246D2290C1FCC003119F9 /* TopControls */ = {
			isa = PBXGroup;
			children = (
				9F0246D3290C1FE1003119F9 /* TopControlsView.swift */,
			);
			path = TopControls;
			sourceTree = "<group>";
		};
		9F0246D7290C3530003119F9 /* Notification */ = {
			isa = PBXGroup;
			children = (
				9F0246D8290C3539003119F9 /* NotificationSystem.swift */,
			);
			path = Notification;
			sourceTree = "<group>";
		};
		9F0246DA290C7530003119F9 /* TextKeybaordControllsView */ = {
			isa = PBXGroup;
			children = (
				9F0246DB290C7543003119F9 /* TextKeybaordControllsView.swift */,
			);
			path = TextKeybaordControllsView;
			sourceTree = "<group>";
		};
		9F0246DD290C760E003119F9 /* Keyboard */ = {
			isa = PBXGroup;
			children = (
				9F0246DE290C7619003119F9 /* TextAligmentButton.swift */,
				9F0246E0290C7631003119F9 /* TextStyleButton.swift */,
			);
			path = Keyboard;
			sourceTree = "<group>";
		};
		9F0E953928F4B02500177E7C /* Toolbar */ = {
			isa = PBXGroup;
			children = (
				9F6533B728F7672500E00574 /* SaveButtonAnimator */,
				9F9AE08128F4F0A2004717E5 /* Tools */,
				9F9AE07E28F4E958004717E5 /* Segment */,
				9F0E954E28F4E2C800177E7C /* Buttons */,
				9F0E953A28F4B03800177E7C /* EditToolbarView.swift */,
			);
			path = Toolbar;
			sourceTree = "<group>";
		};
		9F0E953E28F4B3B600177E7C /* Helpers */ = {
			isa = PBXGroup;
			children = (
				9F74F32E2909A79F00092CFB /* CGExtensions.swift */,
				9FCF57EF28F46D3300A9DD38 /* ImageContainer.swift */,
				9F0E953F28F4B3BC00177E7C /* UIKitHelpers.swift */,
				9F6533A928F5EBCE00E00574 /* View.swift */,
				9F0E954128F4B53000177E7C /* Fonts.swift */,
				9F0E954C28F4C9D300177E7C /* UIButton.swift */,
				9F6533C728F78B8500E00574 /* CALayerExtensions.swift */,
				9FA0091428F8713300688479 /* UILabelExtensions.swift */,
			);
			path = Helpers;
			sourceTree = "<group>";
		};
		9F0E954328F4B61A00177E7C /* Fonts */ = {
			isa = PBXGroup;
			children = (
				9F0E954A28F4B7A000177E7C /* SF-Pro-Text-Regular.otf */,
				9F0E954828F4B77D00177E7C /* SF-Pro-Display-Semibold.otf */,
				9F0E954528F4B75F00177E7C /* SF-Pro-Text-Medium.otf */,
				9F0E954428F4B74800177E7C /* SF-Pro-Text-Semibold.otf */,
			);
			path = Fonts;
			sourceTree = "<group>";
		};
		9F0E954E28F4E2C800177E7C /* Buttons */ = {
			isa = PBXGroup;
			children = (
				9F0246DD290C760E003119F9 /* Keyboard */,
				9F6533BA28F7674000E00574 /* Right Bottom */,
				9F9AE07828F4E45A004717E5 /* CancelBackButton.swift */,
				9F9AE07A28F4E460004717E5 /* SendButton.swift */,
				9F9AE07C28F4E93A004717E5 /* SelectColorButton.swift */,
				9F9AE07F28F4EBF4004717E5 /* AddObjectButton.swift */,
			);
			path = Buttons;
			sourceTree = "<group>";
		};
		9F6533AD28F7125800E00574 /* Size */ = {
			isa = PBXGroup;
			children = (
				9F6533AB28F63C0700E00574 /* SizeSegmentView.swift */,
				9F6533AE28F7126400E00574 /* SizeSegmentShapes.swift */,
			);
			path = Size;
			sourceTree = "<group>";
		};
		9F6533B728F7672500E00574 /* SaveButtonAnimator */ = {
			isa = PBXGroup;
			children = (
				9F6533B828F7673000E00574 /* SaveButtonAnimator.swift */,
			);
			path = SaveButtonAnimator;
			sourceTree = "<group>";
		};
		9F6533BA28F7674000E00574 /* Right Bottom */ = {
			isa = PBXGroup;
			children = (
				9F6533BB28F7675200E00574 /* SelectToolDetailsButton.swift */,
				9F569C5228F83A9500A220AA /* SelectToolDetailsStyle.swift */,
			);
			path = "Right Bottom";
			sourceTree = "<group>";
		};
		9F6533C028F77E8800E00574 /* Lottie */ = {
			isa = PBXGroup;
			children = (
				9F6533C328F7816000E00574 /* send_to_arrow_2.png */,
				9F6533C428F7816100E00574 /* send_to_arrow_1.png */,
				9F569C4A28F7A40A00A220AA /* send_to_blur_1.png */,
				9FA0090F28F864EC00688479 /* backToCancel.json */,
				9F569C4C28F7A7CE00A220AA /* send_to_blur_reverse.json */,
				9F569C4828F7A3F800A220AA /* send_to_blur.json */,
				9F569C4E28F7AA9300A220AA /* send_to_arrow_reverse.json */,
				9F6533C128F77E8F00E00574 /* send_to_arrow.json */,
				9F569C5028F83A5D00A220AA /* send_to_circle.json */,
				9F569C5628F851BE00A220AA /* send_to_circle_reverse.json */,
				9FA0090928F85A6500688479 /* send_to_mark.json */,
				9FA0090D28F8612C00688479 /* send_to_mark_reverse.json */,
			);
			path = Lottie;
			sourceTree = "<group>";
		};
		9F74F3382909C9D600092CFB /* ZoomView */ = {
			isa = PBXGroup;
			children = (
				9F74F3392909C9DD00092CFB /* ZoomView.swift */,
			);
			path = ZoomView;
			sourceTree = "<group>";
		};
		9F9AE07E28F4E958004717E5 /* Segment */ = {
			isa = PBXGroup;
			children = (
				9F0E953C28F4B20C00177E7C /* EditToolbarSegmentView.swift */,
				9F6533AD28F7125800E00574 /* Size */,
			);
			path = Segment;
			sourceTree = "<group>";
		};
		9F9AE08128F4F0A2004717E5 /* Tools */ = {
			isa = PBXGroup;
			children = (
				9F9AE08228F4F0A8004717E5 /* ToolsView.swift */,
				9F9AE08428F4F220004717E5 /* ToolView.swift */,
				9F9AE08628F5BEC3004717E5 /* ToolEraserView.swift */,
				9F9AE08828F5BECE004717E5 /* ToolLassoView.swift */,
			);
			path = Tools;
			sourceTree = "<group>";
		};
		9F9AE08A28F5CDBD004717E5 /* TelegramCode */ = {
			isa = PBXGroup;
			children = (
				9F9AE08B28F5CDC2004717E5 /* CAAnimationUtils.swift */,
				9F9AE08D28F5CF6B004717E5 /* UIKitUtils.h */,
				9F9AE08F28F5CF99004717E5 /* UIKitUtils.m */,
			);
			path = TelegramCode;
			sourceTree = "<group>";
		};
		9FA0091128F86CAB00688479 /* ContextMenu */ = {
			isa = PBXGroup;
			children = (
				9FA0091228F86CCA00688479 /* ContextMenuView.swift */,
				9FA0091628F8824F00688479 /* ContextMenuController.swift */,
			);
			path = ContextMenu;
			sourceTree = "<group>";
		};
		9FA0091828F8B2B300688479 /* Shapes */ = {
			isa = PBXGroup;
			children = (
				9FA0091928F8B2C400688479 /* Shape.swift */,
			);
			path = Shapes;
			sourceTree = "<group>";
		};
		9FA0091B28F8BBB500688479 /* UI */ = {
			isa = PBXGroup;
			children = (
				9F0246DA290C7530003119F9 /* TextKeybaordControllsView */,
				9F0246D2290C1FCC003119F9 /* TopControls */,
				9F74F3382909C9D600092CFB /* ZoomView */,
				9FA0091128F86CAB00688479 /* ContextMenu */,
				9FA0091828F8B2B300688479 /* Shapes */,
				9F0E953928F4B02500177E7C /* Toolbar */,
			);
			path = UI;
			sourceTree = "<group>";
		};
		9FA0091C28F8BBCD00688479 /* Logic */ = {
			isa = PBXGroup;
			children = (
				9F0246D7290C3530003119F9 /* Notification */,
				9FA0092028F8D92C00688479 /* Draw */,
				9FA0091D28F8BBD400688479 /* Settings */,
			);
			path = Logic;
			sourceTree = "<group>";
		};
		9FA0091D28F8BBD400688479 /* Settings */ = {
			isa = PBXGroup;
			children = (
				9FA0091E28F8BBE400688479 /* ToolbarSettings.swift */,
			);
			path = Settings;
			sourceTree = "<group>";
		};
		9FA0092028F8D92C00688479 /* Draw */ = {
			isa = PBXGroup;
			children = (
				9FA0092128F8D93300688479 /* DrawController.swift */,
			);
			path = Draw;
			sourceTree = "<group>";
		};
		9FCF57CD28F46A0900A9DD38 = {
			isa = PBXGroup;
			children = (
				9FCF57D828F46A0900A9DD38 /* Telegram-Contest-2022-R1 */,
				9FCF57D728F46A0900A9DD38 /* Products */,
			);
			sourceTree = "<group>";
		};
		9FCF57D728F46A0900A9DD38 /* Products */ = {
			isa = PBXGroup;
			children = (
				9FCF57D628F46A0900A9DD38 /* Telegram-Contest-2022-R1.app */,
			);
			name = Products;
			sourceTree = "<group>";
		};
		9FCF57D828F46A0900A9DD38 /* Telegram-Contest-2022-R1 */ = {
			isa = PBXGroup;
			children = (
				9FCF57D928F46A0900A9DD38 /* AppDelegate.swift */,
				9FCF57DB28F46A0900A9DD38 /* SceneDelegate.swift */,
				9FCF57DD28F46A0900A9DD38 /* ViewController.swift */,
				9F0246BB290C1721003119F9 /* Text */,
				9FF9BEED29077A480069637A /* Drawing */,
				9F9AE08A28F5CDBD004717E5 /* TelegramCode */,
				9F0E953E28F4B3B600177E7C /* Helpers */,
				9FA0091C28F8BBCD00688479 /* Logic */,
				9FA0091B28F8BBB500688479 /* UI */,
				9FCF57ED28F46CF400A9DD38 /* EditImageViewController.swift */,
				9F0E953428F4A01900177E7C /* AutolayoutEngine.swift */,
				9F6533C028F77E8800E00574 /* Lottie */,
				9F0E954328F4B61A00177E7C /* Fonts */,
				9FCF57DF28F46A0900A9DD38 /* Main.storyboard */,
				9F9AE08E28F5CF98004717E5 /* Telegram-Contest-2022-R1-Bridging-Header.h */,
				9FCF57E228F46A0A00A9DD38 /* Assets.xcassets */,
				9FCF57E428F46A0A00A9DD38 /* LaunchScreen.storyboard */,
				9FCF57E728F46A0A00A9DD38 /* Info.plist */,
			);
			path = "Telegram-Contest-2022-R1";
			sourceTree = "<group>";
		};
		9FF9BEED29077A480069637A /* Drawing */ = {
			isa = PBXGroup;
			children = (
				9F74F3362909A89A00092CFB /* LinesView.swift */,
				9F74F3342909A7D900092CFB /* RenderDataController.swift */,
				9F74F3322909A7C100092CFB /* Renderer.swift */,
				9F74F3302909A7BB00092CFB /* Shaders.metal */,
				9F74F32C2909A79600092CFB /* MetalLineDrawer.swift */,
				9F74F33B2909D39500092CFB /* MetalDrawingView.swift */,
			);
			path = Drawing;
			sourceTree = "<group>";
		};
/* End PBXGroup section */

/* Begin PBXNativeTarget section */
		9FCF57D528F46A0900A9DD38 /* Telegram-Contest-2022-R1 */ = {
			isa = PBXNativeTarget;
			buildConfigurationList = 9FCF57EA28F46A0A00A9DD38 /* Build configuration list for PBXNativeTarget "Telegram-Contest-2022-R1" */;
			buildPhases = (
				9FCF57D228F46A0900A9DD38 /* Sources */,
				9FCF57D328F46A0900A9DD38 /* Frameworks */,
				9FCF57D428F46A0900A9DD38 /* Resources */,
			);
			buildRules = (
			);
			dependencies = (
			);
			name = "Telegram-Contest-2022-R1";
			packageProductDependencies = (
				9F6533BE28F77E7E00E00574 /* Lottie */,
			);
			productName = "Telegram-Contest-2022-R1";
			productReference = 9FCF57D628F46A0900A9DD38 /* Telegram-Contest-2022-R1.app */;
			productType = "com.apple.product-type.application";
		};
/* End PBXNativeTarget section */

/* Begin PBXProject section */
		9FCF57CE28F46A0900A9DD38 /* Project object */ = {
			isa = PBXProject;
			attributes = {
				BuildIndependentTargetsInParallel = 1;
				LastSwiftUpdateCheck = 1400;
				LastUpgradeCheck = 1400;
				TargetAttributes = {
					9FCF57D528F46A0900A9DD38 = {
						CreatedOnToolsVersion = 14.0.1;
						LastSwiftMigration = 1400;
					};
				};
			};
			buildConfigurationList = 9FCF57D128F46A0900A9DD38 /* Build configuration list for PBXProject "Telegram-Contest-2022-R1" */;
			compatibilityVersion = "Xcode 14.0";
			developmentRegion = en;
			hasScannedForEncodings = 0;
			knownRegions = (
				en,
				Base,
			);
			mainGroup = 9FCF57CD28F46A0900A9DD38;
			packageReferences = (
				9F6533BD28F77E7E00E00574 /* XCRemoteSwiftPackageReference "lottie-ios" */,
			);
			productRefGroup = 9FCF57D728F46A0900A9DD38 /* Products */;
			projectDirPath = "";
			projectRoot = "";
			targets = (
				9FCF57D528F46A0900A9DD38 /* Telegram-Contest-2022-R1 */,
			);
		};
/* End PBXProject section */

/* Begin PBXResourcesBuildPhase section */
		9FCF57D428F46A0900A9DD38 /* Resources */ = {
			isa = PBXResourcesBuildPhase;
			buildActionMask = 2147483647;
			files = (
				9F0E954928F4B77E00177E7C /* SF-Pro-Display-Semibold.otf in Resources */,
				9F0E954628F4B76100177E7C /* SF-Pro-Text-Semibold.otf in Resources */,
				9F569C5128F83A5E00A220AA /* send_to_circle.json in Resources */,
				9FCF57E628F46A0A00A9DD38 /* LaunchScreen.storyboard in Resources */,
				9FCF57E328F46A0A00A9DD38 /* Assets.xcassets in Resources */,
				9F569C4B28F7A40A00A220AA /* send_to_blur_1.png in Resources */,
				9F0E954728F4B76100177E7C /* SF-Pro-Text-Medium.otf in Resources */,
				9F569C4D28F7A7CE00A220AA /* send_to_blur_reverse.json in Resources */,
				9F569C4F28F7AA9300A220AA /* send_to_arrow_reverse.json in Resources */,
				9F569C5728F851BE00A220AA /* send_to_circle_reverse.json in Resources */,
				9F6533C528F7816100E00574 /* send_to_arrow_2.png in Resources */,
				9FCF57E128F46A0900A9DD38 /* Main.storyboard in Resources */,
				9F569C4928F7A3F800A220AA /* send_to_blur.json in Resources */,
				9FA0090E28F8612C00688479 /* send_to_mark_reverse.json in Resources */,
				9F6533C228F77E8F00E00574 /* send_to_arrow.json in Resources */,
				9F6533C628F7816100E00574 /* send_to_arrow_1.png in Resources */,
				9F0E954B28F4B88D00177E7C /* SF-Pro-Text-Regular.otf in Resources */,
				9FA0091028F864EC00688479 /* backToCancel.json in Resources */,
				9FA0090A28F85A6600688479 /* send_to_mark.json in Resources */,
			);
			runOnlyForDeploymentPostprocessing = 0;
		};
/* End PBXResourcesBuildPhase section */

/* Begin PBXSourcesBuildPhase section */
		9FCF57D228F46A0900A9DD38 /* Sources */ = {
			isa = PBXSourcesBuildPhase;
			buildActionMask = 2147483647;
			files = (
				9F569C5328F83A9500A220AA /* SelectToolDetailsStyle.swift in Sources */,
				9F0246DF290C7619003119F9 /* TextAligmentButton.swift in Sources */,
				9F74F3312909A7BB00092CFB /* Shaders.metal in Sources */,
				9F9AE07928F4E45A004717E5 /* CancelBackButton.swift in Sources */,
				9F6533C828F78B8500E00574 /* CALayerExtensions.swift in Sources */,
				9F0E953528F4A01900177E7C /* AutolayoutEngine.swift in Sources */,
				9F74F33A2909C9DD00092CFB /* ZoomView.swift in Sources */,
				9F6533BC28F7675200E00574 /* SelectToolDetailsButton.swift in Sources */,
				9FCF57EE28F46CF400A9DD38 /* EditImageViewController.swift in Sources */,
				9F0246D4290C1FE1003119F9 /* TopControlsView.swift in Sources */,
				9FA0091528F8713300688479 /* UILabelExtensions.swift in Sources */,
				9F9AE08028F4EBF4004717E5 /* AddObjectButton.swift in Sources */,
				9F74F32D2909A79600092CFB /* MetalLineDrawer.swift in Sources */,
				9FA0091728F8824F00688479 /* ContextMenuController.swift in Sources */,
				9F6533AF28F7126400E00574 /* SizeSegmentShapes.swift in Sources */,
				9F74F3332909A7C100092CFB /* Renderer.swift in Sources */,
				9F6533AA28F5EBCE00E00574 /* View.swift in Sources */,
				9F0E954028F4B3BC00177E7C /* UIKitHelpers.swift in Sources */,
				9FCF57DE28F46A0900A9DD38 /* ViewController.swift in Sources */,
				9F0246C7290C17D7003119F9 /* TextLayoutManager.swift in Sources */,
				9F74F3372909A89A00092CFB /* LinesView.swift in Sources */,
				9F9AE08328F4F0A8004717E5 /* ToolsView.swift in Sources */,
				9F74F33C2909D39500092CFB /* MetalDrawingView.swift in Sources */,
				9F0246C9290C17D7003119F9 /* TextSelectionController.swift in Sources */,
				9F6533B928F7673000E00574 /* SaveButtonAnimator.swift in Sources */,
				9FCF57F028F46D3300A9DD38 /* ImageContainer.swift in Sources */,
				9F9AE08528F4F220004717E5 /* ToolView.swift in Sources */,
				9F0246C8290C17D7003119F9 /* TextPresentationController.swift in Sources */,
				9FCF57DA28F46A0900A9DD38 /* AppDelegate.swift in Sources */,
				9F0246D0290C17D7003119F9 /* KeyboardHandler.swift in Sources */,
				9F0246CD290C17D7003119F9 /* TextGestureController.swift in Sources */,
				9F0E954228F4B53000177E7C /* Fonts.swift in Sources */,
				9F0246D9290C3539003119F9 /* NotificationSystem.swift in Sources */,
				9F0246DC290C7543003119F9 /* TextKeybaordControllsView.swift in Sources */,
				9F9AE09028F5CF99004717E5 /* UIKitUtils.m in Sources */,
				9F0246D1290C17D7003119F9 /* CustomTextView.swift in Sources */,
				9FCF57DC28F46A0900A9DD38 /* SceneDelegate.swift in Sources */,
				9F9AE08728F5BEC3004717E5 /* ToolEraserView.swift in Sources */,
				9F0E954D28F4C9D300177E7C /* UIButton.swift in Sources */,
				9F0246CB290C17D7003119F9 /* TextLabelOutlineView.swift in Sources */,
				9FA0091A28F8B2C400688479 /* Shape.swift in Sources */,
				9F0E953D28F4B20C00177E7C /* EditToolbarSegmentView.swift in Sources */,
				9FA0092228F8D93300688479 /* DrawController.swift in Sources */,
				9F0246CF290C17D7003119F9 /* TextLabelView.swift in Sources */,
				9F74F32F2909A79F00092CFB /* CGExtensions.swift in Sources */,
				9FA0091F28F8BBE400688479 /* ToolbarSettings.swift in Sources */,
				9F9AE07D28F4E93A004717E5 /* SelectColorButton.swift in Sources */,
				9FA0091328F86CCA00688479 /* ContextMenuView.swift in Sources */,
				9F0246E1290C7631003119F9 /* TextStyleButton.swift in Sources */,
				9F0246CC290C17D7003119F9 /* TextSelectionView.swift in Sources */,
				9F0246CA290C17D7003119F9 /* TextBackgroundView.swift in Sources */,
				9F0E953B28F4B03800177E7C /* EditToolbarView.swift in Sources */,
				9F74F3352909A7D900092CFB /* RenderDataController.swift in Sources */,
				9F0246D6290C2C03003119F9 /* RootTextView.swift in Sources */,
				9F6533AC28F63C0700E00574 /* SizeSegmentView.swift in Sources */,
				9F9AE07B28F4E460004717E5 /* SendButton.swift in Sources */,
				9F9AE08C28F5CDC2004717E5 /* CAAnimationUtils.swift in Sources */,
				9F0246CE290C17D7003119F9 /* TextLineAligmentView.swift in Sources */,
				9F9AE08928F5BECE004717E5 /* ToolLassoView.swift in Sources */,
			);
			runOnlyForDeploymentPostprocessing = 0;
		};
/* End PBXSourcesBuildPhase section */

/* Begin PBXVariantGroup section */
		9FCF57DF28F46A0900A9DD38 /* Main.storyboard */ = {
			isa = PBXVariantGroup;
			children = (
				9FCF57E028F46A0900A9DD38 /* Base */,
			);
			name = Main.storyboard;
			sourceTree = "<group>";
		};
		9FCF57E428F46A0A00A9DD38 /* LaunchScreen.storyboard */ = {
			isa = PBXVariantGroup;
			children = (
				9FCF57E528F46A0A00A9DD38 /* Base */,
			);
			name = LaunchScreen.storyboard;
			sourceTree = "<group>";
		};
/* End PBXVariantGroup section */

/* Begin XCBuildConfiguration section */
		9FCF57E828F46A0A00A9DD38 /* Debug */ = {
			isa = XCBuildConfiguration;
			buildSettings = {
				ALWAYS_SEARCH_USER_PATHS = NO;
				CLANG_ANALYZER_NONNULL = YES;
				CLANG_ANALYZER_NUMBER_OBJECT_CONVERSION = YES_AGGRESSIVE;
				CLANG_CXX_LANGUAGE_STANDARD = "gnu++20";
				CLANG_ENABLE_MODULES = YES;
				CLANG_ENABLE_OBJC_ARC = YES;
				CLANG_ENABLE_OBJC_WEAK = YES;
				CLANG_WARN_BLOCK_CAPTURE_AUTORELEASING = YES;
				CLANG_WARN_BOOL_CONVERSION = YES;
				CLANG_WARN_COMMA = YES;
				CLANG_WARN_CONSTANT_CONVERSION = YES;
				CLANG_WARN_DEPRECATED_OBJC_IMPLEMENTATIONS = YES;
				CLANG_WARN_DIRECT_OBJC_ISA_USAGE = YES_ERROR;
				CLANG_WARN_DOCUMENTATION_COMMENTS = YES;
				CLANG_WARN_EMPTY_BODY = YES;
				CLANG_WARN_ENUM_CONVERSION = YES;
				CLANG_WARN_INFINITE_RECURSION = YES;
				CLANG_WARN_INT_CONVERSION = YES;
				CLANG_WARN_NON_LITERAL_NULL_CONVERSION = YES;
				CLANG_WARN_OBJC_IMPLICIT_RETAIN_SELF = YES;
				CLANG_WARN_OBJC_LITERAL_CONVERSION = YES;
				CLANG_WARN_OBJC_ROOT_CLASS = YES_ERROR;
				CLANG_WARN_QUOTED_INCLUDE_IN_FRAMEWORK_HEADER = YES;
				CLANG_WARN_RANGE_LOOP_ANALYSIS = YES;
				CLANG_WARN_STRICT_PROTOTYPES = YES;
				CLANG_WARN_SUSPICIOUS_MOVE = YES;
				CLANG_WARN_UNGUARDED_AVAILABILITY = YES_AGGRESSIVE;
				CLANG_WARN_UNREACHABLE_CODE = YES;
				CLANG_WARN__DUPLICATE_METHOD_MATCH = YES;
				COPY_PHASE_STRIP = NO;
				DEBUG_INFORMATION_FORMAT = dwarf;
				ENABLE_STRICT_OBJC_MSGSEND = YES;
				ENABLE_TESTABILITY = YES;
				GCC_C_LANGUAGE_STANDARD = gnu11;
				GCC_DYNAMIC_NO_PIC = NO;
				GCC_NO_COMMON_BLOCKS = YES;
				GCC_OPTIMIZATION_LEVEL = 0;
				GCC_PREPROCESSOR_DEFINITIONS = (
					"DEBUG=1",
					"$(inherited)",
				);
				GCC_WARN_64_TO_32_BIT_CONVERSION = YES;
				GCC_WARN_ABOUT_RETURN_TYPE = YES_ERROR;
				GCC_WARN_UNDECLARED_SELECTOR = YES;
				GCC_WARN_UNINITIALIZED_AUTOS = YES_AGGRESSIVE;
				GCC_WARN_UNUSED_FUNCTION = YES;
				GCC_WARN_UNUSED_VARIABLE = YES;
				IPHONEOS_DEPLOYMENT_TARGET = 16.0;
				MTL_ENABLE_DEBUG_INFO = INCLUDE_SOURCE;
				MTL_FAST_MATH = YES;
				ONLY_ACTIVE_ARCH = YES;
				SDKROOT = iphoneos;
				SWIFT_ACTIVE_COMPILATION_CONDITIONS = DEBUG;
				SWIFT_OPTIMIZATION_LEVEL = "-Onone";
			};
			name = Debug;
		};
		9FCF57E928F46A0A00A9DD38 /* Release */ = {
			isa = XCBuildConfiguration;
			buildSettings = {
				ALWAYS_SEARCH_USER_PATHS = NO;
				CLANG_ANALYZER_NONNULL = YES;
				CLANG_ANALYZER_NUMBER_OBJECT_CONVERSION = YES_AGGRESSIVE;
				CLANG_CXX_LANGUAGE_STANDARD = "gnu++20";
				CLANG_ENABLE_MODULES = YES;
				CLANG_ENABLE_OBJC_ARC = YES;
				CLANG_ENABLE_OBJC_WEAK = YES;
				CLANG_WARN_BLOCK_CAPTURE_AUTORELEASING = YES;
				CLANG_WARN_BOOL_CONVERSION = YES;
				CLANG_WARN_COMMA = YES;
				CLANG_WARN_CONSTANT_CONVERSION = YES;
				CLANG_WARN_DEPRECATED_OBJC_IMPLEMENTATIONS = YES;
				CLANG_WARN_DIRECT_OBJC_ISA_USAGE = YES_ERROR;
				CLANG_WARN_DOCUMENTATION_COMMENTS = YES;
				CLANG_WARN_EMPTY_BODY = YES;
				CLANG_WARN_ENUM_CONVERSION = YES;
				CLANG_WARN_INFINITE_RECURSION = YES;
				CLANG_WARN_INT_CONVERSION = YES;
				CLANG_WARN_NON_LITERAL_NULL_CONVERSION = YES;
				CLANG_WARN_OBJC_IMPLICIT_RETAIN_SELF = YES;
				CLANG_WARN_OBJC_LITERAL_CONVERSION = YES;
				CLANG_WARN_OBJC_ROOT_CLASS = YES_ERROR;
				CLANG_WARN_QUOTED_INCLUDE_IN_FRAMEWORK_HEADER = YES;
				CLANG_WARN_RANGE_LOOP_ANALYSIS = YES;
				CLANG_WARN_STRICT_PROTOTYPES = YES;
				CLANG_WARN_SUSPICIOUS_MOVE = YES;
				CLANG_WARN_UNGUARDED_AVAILABILITY = YES_AGGRESSIVE;
				CLANG_WARN_UNREACHABLE_CODE = YES;
				CLANG_WARN__DUPLICATE_METHOD_MATCH = YES;
				COPY_PHASE_STRIP = NO;
				DEBUG_INFORMATION_FORMAT = "dwarf-with-dsym";
				ENABLE_NS_ASSERTIONS = NO;
				ENABLE_STRICT_OBJC_MSGSEND = YES;
				GCC_C_LANGUAGE_STANDARD = gnu11;
				GCC_NO_COMMON_BLOCKS = YES;
				GCC_WARN_64_TO_32_BIT_CONVERSION = YES;
				GCC_WARN_ABOUT_RETURN_TYPE = YES_ERROR;
				GCC_WARN_UNDECLARED_SELECTOR = YES;
				GCC_WARN_UNINITIALIZED_AUTOS = YES_AGGRESSIVE;
				GCC_WARN_UNUSED_FUNCTION = YES;
				GCC_WARN_UNUSED_VARIABLE = YES;
				IPHONEOS_DEPLOYMENT_TARGET = 16.0;
				MTL_ENABLE_DEBUG_INFO = NO;
				MTL_FAST_MATH = YES;
				SDKROOT = iphoneos;
				SWIFT_COMPILATION_MODE = wholemodule;
				SWIFT_OPTIMIZATION_LEVEL = "-O";
				VALIDATE_PRODUCT = YES;
			};
			name = Release;
		};
		9FCF57EB28F46A0A00A9DD38 /* Debug */ = {
			isa = XCBuildConfiguration;
			buildSettings = {
				ASSETCATALOG_COMPILER_APPICON_NAME = AppIcon;
				ASSETCATALOG_COMPILER_GLOBAL_ACCENT_COLOR_NAME = AccentColor;
				CLANG_ENABLE_MODULES = YES;
				CODE_SIGN_STYLE = Automatic;
				CURRENT_PROJECT_VERSION = 1;
				DEVELOPMENT_TEAM = 5MGEMLZRS4;
				GENERATE_INFOPLIST_FILE = YES;
				INFOPLIST_FILE = "Telegram-Contest-2022-R1/Info.plist";
				INFOPLIST_KEY_UIApplicationSupportsIndirectInputEvents = YES;
				INFOPLIST_KEY_UILaunchStoryboardName = LaunchScreen;
				INFOPLIST_KEY_UIMainStoryboardFile = Main;
				INFOPLIST_KEY_UISupportedInterfaceOrientations = UIInterfaceOrientationPortrait;
				INFOPLIST_KEY_UISupportedInterfaceOrientations_iPad = UIInterfaceOrientationLandscapeRight;
				IPHONEOS_DEPLOYMENT_TARGET = 13.0;
				LD_RUNPATH_SEARCH_PATHS = (
					"$(inherited)",
					"@executable_path/Frameworks",
				);
				MARKETING_VERSION = 1.0;
				PRODUCT_BUNDLE_IDENTIFIER = "com.alexander.Telegram-Contest-2022-R1";
				PRODUCT_NAME = "$(TARGET_NAME)";
				SWIFT_EMIT_LOC_STRINGS = YES;
				SWIFT_OBJC_BRIDGING_HEADER = "Telegram-Contest-2022-R1/Telegram-Contest-2022-R1-Bridging-Header.h";
				SWIFT_OPTIMIZATION_LEVEL = "-Onone";
				SWIFT_VERSION = 5.0;
				TARGETED_DEVICE_FAMILY = "1,2";
			};
			name = Debug;
		};
		9FCF57EC28F46A0A00A9DD38 /* Release */ = {
			isa = XCBuildConfiguration;
			buildSettings = {
				ASSETCATALOG_COMPILER_APPICON_NAME = AppIcon;
				ASSETCATALOG_COMPILER_GLOBAL_ACCENT_COLOR_NAME = AccentColor;
				CLANG_ENABLE_MODULES = YES;
				CODE_SIGN_STYLE = Automatic;
				CURRENT_PROJECT_VERSION = 1;
				DEVELOPMENT_TEAM = 5MGEMLZRS4;
				GENERATE_INFOPLIST_FILE = YES;
				INFOPLIST_FILE = "Telegram-Contest-2022-R1/Info.plist";
				INFOPLIST_KEY_UIApplicationSupportsIndirectInputEvents = YES;
				INFOPLIST_KEY_UILaunchStoryboardName = LaunchScreen;
				INFOPLIST_KEY_UIMainStoryboardFile = Main;
				INFOPLIST_KEY_UISupportedInterfaceOrientations = UIInterfaceOrientationPortrait;
				INFOPLIST_KEY_UISupportedInterfaceOrientations_iPad = UIInterfaceOrientationLandscapeRight;
				IPHONEOS_DEPLOYMENT_TARGET = 13.0;
				LD_RUNPATH_SEARCH_PATHS = (
					"$(inherited)",
					"@executable_path/Frameworks",
				);
				MARKETING_VERSION = 1.0;
				PRODUCT_BUNDLE_IDENTIFIER = "com.alexander.Telegram-Contest-2022-R1";
				PRODUCT_NAME = "$(TARGET_NAME)";
				SWIFT_EMIT_LOC_STRINGS = YES;
				SWIFT_OBJC_BRIDGING_HEADER = "Telegram-Contest-2022-R1/Telegram-Contest-2022-R1-Bridging-Header.h";
				SWIFT_VERSION = 5.0;
				TARGETED_DEVICE_FAMILY = "1,2";
			};
			name = Release;
		};
/* End XCBuildConfiguration section */

/* Begin XCConfigurationList section */
		9FCF57D128F46A0900A9DD38 /* Build configuration list for PBXProject "Telegram-Contest-2022-R1" */ = {
			isa = XCConfigurationList;
			buildConfigurations = (
				9FCF57E828F46A0A00A9DD38 /* Debug */,
				9FCF57E928F46A0A00A9DD38 /* Release */,
			);
			defaultConfigurationIsVisible = 0;
			defaultConfigurationName = Release;
		};
		9FCF57EA28F46A0A00A9DD38 /* Build configuration list for PBXNativeTarget "Telegram-Contest-2022-R1" */ = {
			isa = XCConfigurationList;
			buildConfigurations = (
				9FCF57EB28F46A0A00A9DD38 /* Debug */,
				9FCF57EC28F46A0A00A9DD38 /* Release */,
			);
			defaultConfigurationIsVisible = 0;
			defaultConfigurationName = Release;
		};
/* End XCConfigurationList section */

/* Begin XCRemoteSwiftPackageReference section */
		9F6533BD28F77E7E00E00574 /* XCRemoteSwiftPackageReference "lottie-ios" */ = {
			isa = XCRemoteSwiftPackageReference;
			repositoryURL = "https://github.com/airbnb/lottie-ios";
			requirement = {
				kind = upToNextMajorVersion;
				minimumVersion = 3.0.0;
			};
		};
/* End XCRemoteSwiftPackageReference section */

/* Begin XCSwiftPackageProductDependency section */
		9F6533BE28F77E7E00E00574 /* Lottie */ = {
			isa = XCSwiftPackageProductDependency;
			package = 9F6533BD28F77E7E00E00574 /* XCRemoteSwiftPackageReference "lottie-ios" */;
			productName = Lottie;
		};
/* End XCSwiftPackageProductDependency section */
	};
	rootObject = 9FCF57CE28F46A0900A9DD38 /* Project object */;
}
